
Microsoft Visual Studio Solution File, Format Version 12.00
# Visual Studio 15
VisualStudioVersion = 15.0.28307.421
MinimumVisualStudioVersion = 10.0.40219.1
Project("{2150E333-8FDC-42A3-9474-1A3956D46DE8}") = "Named Pipe", "Named Pipe", "{5713C806-C339-432B-943E-520B11F46372}"
EndProject
Project("{2150E333-8FDC-42A3-9474-1A3956D46DE8}") = "File Mapping", "File Mapping", "{0EA036EB-5FAC-4638-80BA-201CAC45E5FC}"
EndProject
Project("{2150E333-8FDC-42A3-9474-1A3956D46DE8}") = "Mailslot", "Mailslot", "{9E9FE4E4-6B54-45D3-B37B-B46E28820184}"
EndProject
Project("{2150E333-8FDC-42A3-9474-1A3956D46DE8}") = "Clipboard", "Clipboard", "{A3155F5A-DF9B-496E-AA8C-49619AF7BD3B}"
EndProject
Project("{2150E333-8FDC-42A3-9474-1A3956D46DE8}") = "WM_COPYDATA", "WM_COPYDATA", "{85945D3F-B9F8-4DFB-B047-636E8977C0A0}"
EndProject
Project("{8BC9CEB8-8B4A-11D0-8D11-00A0C91BC942}") = "CppFileMappingClient", "demo\CppFileMappingClient\CppFileMappingClient.vcxproj", "{F8C3C980-531E-493F-A139-D30F1A14D319}"
EndProject
Project("{8BC9CEB8-8B4A-11D0-8D11-00A0C91BC942}") = "CppFileMappingServer", "demo\CppFileMappingServer\CppFileMappingServer.vcxproj", "{31FA316A-9C39-4BBE-A7E0-B37E22F5A042}"
EndProject
Project("{8BC9CEB8-8B4A-11D0-8D11-00A0C91BC942}") = "CppMailslotClient", "demo\CppMailslotClient\CppMailslotClient.vcxproj", "{EB620F21-E705-4CD3-BDD7-1F108A278DB1}"
EndProject
Project("{8BC9CEB8-8B4A-11D0-8D11-00A0C91BC942}") = "CppMailslotServer", "demo\CppMailslotServer\CppMailslotServer.vcxproj", "{F24815F4-8E0E-4C2B-98FB-CC9F307604A6}"
EndProject
Project("{8BC9CEB8-8B4A-11D0-8D11-00A0C91BC942}") = "CppNamedPipeClient", "demo\CppNamedPipeClient\CppNamedPipeClient.vcxproj", "{B54163F0-84A2-4CF1-9EE8-9EFA2BE9471C}"
EndProject
Project("{8BC9CEB8-8B4A-11D0-8D11-00A0C91BC942}") = "CppNamedPipeServer", "demo\CppNamedPipeServer\CppNamedPipeServer.vcxproj", "{8916DF68-63AC-4A88-8289-37F66FE7F99A}"
EndProject
Project("{8BC9CEB8-8B4A-11D0-8D11-00A0C91BC942}") = "CppSendWM_COPYDATA", "demo\CppSendWM_COPYDATA\CppSendWM_COPYDATA.vcxproj", "{6FB77AAC-8CA0-499E-A6E0-E8061139A8C7}"
EndProject
Project("{8BC9CEB8-8B4A-11D0-8D11-00A0C91BC942}") = "CppReceiveWM_COPYDATA", "demo\CppReceiveWM_COPYDATA\CppReceiveWM_COPYDATA.vcxproj", "{A502309D-5F00-4472-9494-CAA9D9B1D28D}"
EndProject
Project("{8BC9CEB8-8B4A-11D0-8D11-00A0C91BC942}") = "MFCClipboard", "demo\MFCClipboard\MFCClipboard.vcxproj", "{675487B8-3C20-4549-8086-C6BCF5E3DCD6}"
EndProject
Global
	GlobalSection(SolutionConfigurationPlatforms) = preSolution
		Debug|x64 = Debug|x64
		Release|x64 = Release|x64
	EndGlobalSection
	GlobalSection(ProjectConfigurationPlatforms) = postSolution
		{F8C3C980-531E-493F-A139-D30F1A14D319}.Debug|x64.ActiveCfg = Debug|x64
		{F8C3C980-531E-493F-A139-D30F1A14D319}.Debug|x64.Build.0 = Debug|x64
		{F8C3C980-531E-493F-A139-D30F1A14D319}.Release|x64.ActiveCfg = Release|x64
		{F8C3C980-531E-493F-A139-D30F1A14D319}.Release|x64.Build.0 = Release|x64
		{31FA316A-9C39-4BBE-A7E0-B37E22F5A042}.Debug|x64.ActiveCfg = Debug|x64
		{31FA316A-9C39-4BBE-A7E0-B37E22F5A042}.Debug|x64.Build.0 = Debug|x64
		{31FA316A-9C39-4BBE-A7E0-B37E22F5A042}.Release|x64.ActiveCfg = Release|x64
		{31FA316A-9C39-4BBE-A7E0-B37E22F5A042}.Release|x64.Build.0 = Release|x64
		{EB620F21-E705-4CD3-BDD7-1F108A278DB1}.Debug|x64.ActiveCfg = Debug|x64
		{EB620F21-E705-4CD3-BDD7-1F108A278DB1}.Debug|x64.Build.0 = Debug|x64
		{EB620F21-E705-4CD3-BDD7-1F108A278DB1}.Release|x64.ActiveCfg = Release|x64
		{EB620F21-E705-4CD3-BDD7-1F108A278DB1}.Release|x64.Build.0 = Release|x64
		{F24815F4-8E0E-4C2B-98FB-CC9F307604A6}.Debug|x64.ActiveCfg = Debug|x64
		{F24815F4-8E0E-4C2B-98FB-CC9F307604A6}.Debug|x64.Build.0 = Debug|x64
		{F24815F4-8E0E-4C2B-98FB-CC9F307604A6}.Release|x64.ActiveCfg = Release|x64
		{F24815F4-8E0E-4C2B-98FB-CC9F307604A6}.Release|x64.Build.0 = Release|x64
		{B54163F0-84A2-4CF1-9EE8-9EFA2BE9471C}.Debug|x64.ActiveCfg = Debug|x64
		{B54163F0-84A2-4CF1-9EE8-9EFA2BE9471C}.Debug|x64.Build.0 = Debug|x64
		{B54163F0-84A2-4CF1-9EE8-9EFA2BE9471C}.Release|x64.ActiveCfg = Release|x64
		{B54163F0-84A2-4CF1-9EE8-9EFA2BE9471C}.Release|x64.Build.0 = Release|x64
		{8916DF68-63AC-4A88-8289-37F66FE7F99A}.Debug|x64.ActiveCfg = Debug|x64
		{8916DF68-63AC-4A88-8289-37F66FE7F99A}.Debug|x64.Build.0 = Debug|x64
		{8916DF68-63AC-4A88-8289-37F66FE7F99A}.Release|x64.ActiveCfg = Release|x64
		{8916DF68-63AC-4A88-8289-37F66FE7F99A}.Release|x64.Build.0 = Release|x64
		{6FB77AAC-8CA0-499E-A6E0-E8061139A8C7}.Debug|x64.ActiveCfg = Debug|x64
		{6FB77AAC-8CA0-499E-A6E0-E8061139A8C7}.Debug|x64.Build.0 = Debug|x64
		{6FB77AAC-8CA0-499E-A6E0-E8061139A8C7}.Release|x64.ActiveCfg = Release|x64
		{6FB77AAC-8CA0-499E-A6E0-E8061139A8C7}.Release|x64.Build.0 = Release|x64
		{A502309D-5F00-4472-9494-CAA9D9B1D28D}.Debug|x64.ActiveCfg = Debug|x64
		{A502309D-5F00-4472-9494-CAA9D9B1D28D}.Debug|x64.Build.0 = Debug|x64
		{A502309D-5F00-4472-9494-CAA9D9B1D28D}.Release|x64.ActiveCfg = Release|x64
		{A502309D-5F00-4472-9494-CAA9D9B1D28D}.Release|x64.Build.0 = Release|x64
		{675487B8-3C20-4549-8086-C6BCF5E3DCD6}.Debug|x64.ActiveCfg = Debug|x64
		{675487B8-3C20-4549-8086-C6BCF5E3DCD6}.Debug|x64.Build.0 = Debug|x64
		{675487B8-3C20-4549-8086-C6BCF5E3DCD6}.Release|x64.ActiveCfg = Release|x64
		{675487B8-3C20-4549-8086-C6BCF5E3DCD6}.Release|x64.Build.0 = Release|x64
	EndGlobalSection
	GlobalSection(SolutionProperties) = preSolution
		HideSolutionNode = FALSE
	EndGlobalSection
	GlobalSection(NestedProjects) = preSolution
		{F8C3C980-531E-493F-A139-D30F1A14D319} = {0EA036EB-5FAC-4638-80BA-201CAC45E5FC}
		{31FA316A-9C39-4BBE-A7E0-B37E22F5A042} = {0EA036EB-5FAC-4638-80BA-201CAC45E5FC}
		{EB620F21-E705-4CD3-BDD7-1F108A278DB1} = {9E9FE4E4-6B54-45D3-B37B-B46E28820184}
		{F24815F4-8E0E-4C2B-98FB-CC9F307604A6} = {9E9FE4E4-6B54-45D3-B37B-B46E28820184}
		{B54163F0-84A2-4CF1-9EE8-9EFA2BE9471C} = {5713C806-C339-432B-943E-520B11F46372}
		{8916DF68-63AC-4A88-8289-37F66FE7F99A} = {5713C806-C339-432B-943E-520B11F46372}
		{6FB77AAC-8CA0-499E-A6E0-E8061139A8C7} = {85945D3F-B9F8-4DFB-B047-636E8977C0A0}
		{A502309D-5F00-4472-9494-CAA9D9B1D28D} = {85945D3F-B9F8-4DFB-B047-636E8977C0A0}
		{675487B8-3C20-4549-8086-C6BCF5E3DCD6} = {A3155F5A-DF9B-496E-AA8C-49619AF7BD3B}
	EndGlobalSection
	GlobalSection(ExtensibilityGlobals) = postSolution
		SolutionGuid = {0A8CEE52-492A-4393-9DD8-1A14948800DE}
	EndGlobalSection
EndGlobal
